
Microsoft Visual Studio Solution File, Format Version 12.00
# Visual Studio 15
VisualStudioVersion = 15.0.25807.0
MinimumVisualStudioVersion = 10.0.40219.1
Project("{2150E333-8FDC-42A3-9474-1A3956D46DE8}") = "Engine", "Engine", "{A2E75CBC-3EA3-4627-A706-279C69BCF173}"
EndProject
Project("{2150E333-8FDC-42A3-9474-1A3956D46DE8}") = "Games", "Games", "{9CDA97C4-00DB-4BA5-9081-DFEC4577682C}"
EndProject
Project("{8BC9CEB8-8B4A-11D0-8D11-00A0C91BC942}") = "UE4", "Intermediate\ProjectFiles\UE4.vcxproj", "{29E9CCA6-CA8B-46AA-B507-083FD33DE216}"
EndProject
Project("{8BC9CEB8-8B4A-11D0-8D11-00A0C91BC942}") = "ProjectMMW", "Intermediate\ProjectFiles\ProjectMMW.vcxproj", "{F732FD8B-5053-4200-8B23-534CA360D4D7}"
EndProject
Project("{2150E333-8FDC-42A3-9474-1A3956D46DE8}") = "Visualizers", "Visualizers", "{002AC6A9-85D6-481C-AC59-F030DE007FDE}"
	ProjectSection(SolutionItems) = preProject
		..\..\Epic Games\UE_4.21\Engine\Extras\VisualStudioDebugging\UE4.natvis = ..\..\Epic Games\UE_4.21\Engine\Extras\VisualStudioDebugging\UE4.natvis
	EndProjectSection
EndProject
Global
	GlobalSection(SolutionConfigurationPlatforms) = preSolution
		DebugGame Editor|HTML5 = DebugGame Editor|HTML5
		DebugGame Editor|Win32 = DebugGame Editor|Win32
		DebugGame Editor|Win64 = DebugGame Editor|Win64
		DebugGame|HTML5 = DebugGame|HTML5
		DebugGame|Win32 = DebugGame|Win32
		DebugGame|Win64 = DebugGame|Win64
		Development Editor|HTML5 = Development Editor|HTML5
		Development Editor|Win32 = Development Editor|Win32
		Development Editor|Win64 = Development Editor|Win64
		Development|HTML5 = Development|HTML5
		Development|Win32 = Development|Win32
		Development|Win64 = Development|Win64
		Shipping|HTML5 = Shipping|HTML5
		Shipping|Win32 = Shipping|Win32
		Shipping|Win64 = Shipping|Win64
	EndGlobalSection
	GlobalSection(ProjectConfigurationPlatforms) = postSolution
		{29E9CCA6-CA8B-46AA-B507-083FD33DE216}.DebugGame Editor|HTML5.ActiveCfg = BuiltWithUnrealBuildTool|Win32
		{29E9CCA6-CA8B-46AA-B507-083FD33DE216}.DebugGame Editor|Win32.ActiveCfg = BuiltWithUnrealBuildTool|Win32
		{29E9CCA6-CA8B-46AA-B507-083FD33DE216}.DebugGame Editor|Win64.ActiveCfg = BuiltWithUnrealBuildTool|Win32
		{29E9CCA6-CA8B-46AA-B507-083FD33DE216}.DebugGame|HTML5.ActiveCfg = BuiltWithUnrealBuildTool|Win32
		{29E9CCA6-CA8B-46AA-B507-083FD33DE216}.DebugGame|Win32.ActiveCfg = BuiltWithUnrealBuildTool|Win32
		{29E9CCA6-CA8B-46AA-B507-083FD33DE216}.DebugGame|Win64.ActiveCfg = BuiltWithUnrealBuildTool|Win32
		{29E9CCA6-CA8B-46AA-B507-083FD33DE216}.Development Editor|HTML5.ActiveCfg = BuiltWithUnrealBuildTool|Win32
		{29E9CCA6-CA8B-46AA-B507-083FD33DE216}.Development Editor|Win32.ActiveCfg = BuiltWithUnrealBuildTool|Win32
		{29E9CCA6-CA8B-46AA-B507-083FD33DE216}.Development Editor|Win64.ActiveCfg = BuiltWithUnrealBuildTool|Win32
		{29E9CCA6-CA8B-46AA-B507-083FD33DE216}.Development|HTML5.ActiveCfg = BuiltWithUnrealBuildTool|Win32
		{29E9CCA6-CA8B-46AA-B507-083FD33DE216}.Development|Win32.ActiveCfg = BuiltWithUnrealBuildTool|Win32
		{29E9CCA6-CA8B-46AA-B507-083FD33DE216}.Development|Win64.ActiveCfg = BuiltWithUnrealBuildTool|Win32
		{29E9CCA6-CA8B-46AA-B507-083FD33DE216}.Shipping|HTML5.ActiveCfg = BuiltWithUnrealBuildTool|Win32
		{29E9CCA6-CA8B-46AA-B507-083FD33DE216}.Shipping|Win32.ActiveCfg = BuiltWithUnrealBuildTool|Win32
		{29E9CCA6-CA8B-46AA-B507-083FD33DE216}.Shipping|Win64.ActiveCfg = BuiltWithUnrealBuildTool|Win32
		{F732FD8B-5053-4200-8B23-534CA360D4D7}.DebugGame Editor|HTML5.ActiveCfg = Invalid|Win32
		{F732FD8B-5053-4200-8B23-534CA360D4D7}.DebugGame Editor|Win32.ActiveCfg = Invalid|Win32
		{F732FD8B-5053-4200-8B23-534CA360D4D7}.DebugGame Editor|Win64.ActiveCfg = DebugGame_Editor|x64
		{F732FD8B-5053-4200-8B23-534CA360D4D7}.DebugGame Editor|Win64.Build.0 = DebugGame_Editor|x64
		{F732FD8B-5053-4200-8B23-534CA360D4D7}.DebugGame|HTML5.ActiveCfg = HTML5_DebugGame|Win32
		{F732FD8B-5053-4200-8B23-534CA360D4D7}.DebugGame|HTML5.Build.0 = HTML5_DebugGame|Win32
		{F732FD8B-5053-4200-8B23-534CA360D4D7}.DebugGame|Win32.ActiveCfg = DebugGame|Win32
		{F732FD8B-5053-4200-8B23-534CA360D4D7}.DebugGame|Win32.Build.0 = DebugGame|Win32
		{F732FD8B-5053-4200-8B23-534CA360D4D7}.DebugGame|Win64.ActiveCfg = DebugGame|x64
		{F732FD8B-5053-4200-8B23-534CA360D4D7}.DebugGame|Win64.Build.0 = DebugGame|x64
		{F732FD8B-5053-4200-8B23-534CA360D4D7}.Development Editor|HTML5.ActiveCfg = Invalid|Win32
		{F732FD8B-5053-4200-8B23-534CA360D4D7}.Development Editor|Win32.ActiveCfg = Invalid|Win32
		{F732FD8B-5053-4200-8B23-534CA360D4D7}.Development Editor|Win64.ActiveCfg = Development_Editor|x64
		{F732FD8B-5053-4200-8B23-534CA360D4D7}.Development Editor|Win64.Build.0 = Development_Editor|x64
		{F732FD8B-5053-4200-8B23-534CA360D4D7}.Development|HTML5.ActiveCfg = HTML5_Development|Win32
		{F732FD8B-5053-4200-8B23-534CA360D4D7}.Development|HTML5.Build.0 = HTML5_Development|Win32
		{F732FD8B-5053-4200-8B23-534CA360D4D7}.Development|Win32.ActiveCfg = Development|Win32
		{F732FD8B-5053-4200-8B23-534CA360D4D7}.Development|Win32.Build.0 = Development|Win32
		{F732FD8B-5053-4200-8B23-534CA360D4D7}.Development|Win64.ActiveCfg = Development|x64
		{F732FD8B-5053-4200-8B23-534CA360D4D7}.Development|Win64.Build.0 = Development|x64
		{F732FD8B-5053-4200-8B23-534CA360D4D7}.Shipping|HTML5.ActiveCfg = HTML5_Shipping|Win32
		{F732FD8B-5053-4200-8B23-534CA360D4D7}.Shipping|HTML5.Build.0 = HTML5_Shipping|Win32
		{F732FD8B-5053-4200-8B23-534CA360D4D7}.Shipping|Win32.ActiveCfg = Shipping|Win32
		{F732FD8B-5053-4200-8B23-534CA360D4D7}.Shipping|Win32.Build.0 = Shipping|Win32
		{F732FD8B-5053-4200-8B23-534CA360D4D7}.Shipping|Win64.ActiveCfg = Shipping|x64
		{F732FD8B-5053-4200-8B23-534CA360D4D7}.Shipping|Win64.Build.0 = Shipping|x64
	EndGlobalSection
	GlobalSection(SolutionProperties) = preSolution
		HideSolutionNode = FALSE
	EndGlobalSection
	GlobalSection(NestedProjects) = preSolution
		{29E9CCA6-CA8B-46AA-B507-083FD33DE216} = {A2E75CBC-3EA3-4627-A706-279C69BCF173}
		{F732FD8B-5053-4200-8B23-534CA360D4D7} = {9CDA97C4-00DB-4BA5-9081-DFEC4577682C}
	EndGlobalSection
EndGlobal
